
Microsoft Visual Studio Solution File, Format Version 12.00
# Visual Studio Version 17
VisualStudioVersion = 17.2.32602.215
MinimumVisualStudioVersion = 10.0.40219.1
Project("{FAE04EC0-301F-11D3-BF4B-00C04F79EFBC}") = "NumbersPolicy", "NumbersPolicy.csproj", "{0DCE6BF2-ECF2-4A6D-A57C-F2F150009808}"
EndProject
Global
	GlobalSection(SolutionConfigurationPlatforms) = preSolution
		Debug|Any CPU = Debug|Any CPU
		Release|Any CPU = Release|Any CPU
	EndGlobalSection
	GlobalSection(ProjectConfigurationPlatforms) = postSolution
		{0DCE6BF2-ECF2-4A6D-A57C-F2F150009808}.Debug|Any CPU.ActiveCfg = Debug|Any CPU
		{0DCE6BF2-ECF2-4A6D-A57C-F2F150009808}.Debug|Any CPU.Build.0 = Debug|Any CPU
		{0DCE6BF2-ECF2-4A6D-A57C-F2F150009808}.Release|Any CPU.ActiveCfg = Release|Any CPU
		{0DCE6BF2-ECF2-4A6D-A57C-F2F150009808}.Release|Any CPU.Build.0 = Release|Any CPU
	EndGlobalSection
	GlobalSection(SolutionProperties) = preSolution
		HideSolutionNode = FALSE
	EndGlobalSection
	GlobalSection(ExtensibilityGlobals) = postSolution
		SolutionGuid = {8F39772F-9AA3-4E3F-869A-42D61ECB5C04}
	EndGlobalSection
EndGlobal
